
Microsoft Visual Studio Solution File, Format Version 12.00
# Visual Studio Version 17
VisualStudioVersion = 17.9.34701.34
MinimumVisualStudioVersion = 10.0.40219.1
Project("{8BC9CEB8-8B4A-11D0-8D11-00A0C91BC942}") = "Marker", "Marker.vcxproj", "{B00EF884-C81E-4495-801A-1F4D5C36E37B}"
EndProject
Global
	GlobalSection(SolutionConfigurationPlatforms) = preSolution
		Debug|x64 = Debug|x64
		Debug|x86 = Debug|x86
		Release|x64 = Release|x64
		Release|x86 = Release|x86
	EndGlobalSection
	GlobalSection(ProjectConfigurationPlatforms) = postSolution
		{B00EF884-C81E-4495-801A-1F4D5C36E37B}.Debug|x64.ActiveCfg = Debug|x64
		{B00EF884-C81E-4495-801A-1F4D5C36E37B}.Debug|x64.Build.0 = Debug|x64
		{B00EF884-C81E-4495-801A-1F4D5C36E37B}.Debug|x86.ActiveCfg = Debug|Win32
		{B00EF884-C81E-4495-801A-1F4D5C36E37B}.Debug|x86.Build.0 = Debug|Win32
		{B00EF884-C81E-4495-801A-1F4D5C36E37B}.Release|x64.ActiveCfg = Release|x64
		{B00EF884-C81E-4495-801A-1F4D5C36E37B}.Release|x64.Build.0 = Release|x64
		{B00EF884-C81E-4495-801A-1F4D5C36E37B}.Release|x86.ActiveCfg = Release|Win32
		{B00EF884-C81E-4495-801A-1F4D5C36E37B}.Release|x86.Build.0 = Release|Win32
	EndGlobalSection
	GlobalSection(SolutionProperties) = preSolution
		HideSolutionNode = FALSE
	EndGlobalSection
	GlobalSection(ExtensibilityGlobals) = postSolution
		SolutionGuid = {ECBEC24F-D5F3-4F3E-9D5D-DAF8333076C9}
	EndGlobalSection
EndGlobal
